PODS:
  - KJExpandableTableTree (0.1.0)

DEPENDENCIES:
  - KJExpandableTableTree (from `../`)

EXTERNAL SOURCES:
  KJExpandableTableTree:
    :path: "../"

SPEC CHECKSUMS:
  KJExpandableTableTree: 107d2ed5ec2e18abad9060507aa3a0fe5aa4c7b2

PODFILE CHECKSUM: 0fc9bec4e0eeca266961c79ec487a746bccc2876

COCOAPODS: 1.2.1
