PODS:
  - KJExpandableTableTree (0.1.0)

DEPENDENCIES:
  - KJExpandableTableTree (from `../`)

EXTERNAL SOURCES:
  KJExpandableTableTree:
    :path: "../"

SPEC CHECKSUMS:
  KJExpandableTableTree: 107d2ed5ec2e18abad9060507aa3a0fe5aa4c7b2

PODFILE CHECKSUM: a999bc52530b259e3c61506159afa50c3b3d3d27

COCOAPODS: 1.2.1
