PODS:
  - KJExpandableTableTree (1.0.0)

DEPENDENCIES:
  - KJExpandableTableTree (from `../`)

EXTERNAL SOURCES:
  KJExpandableTableTree:
    :path: "../"

SPEC CHECKSUMS:
  KJExpandableTableTree: 0a499d4e55ad1cf9c3f302881ac1782f248a5c4b

PODFILE CHECKSUM: 0fc9bec4e0eeca266961c79ec487a746bccc2876

COCOAPODS: 1.2.1
